
Microsoft Visual Studio Solution File, Format Version 12.00
# Visual Studio Version 16
VisualStudioVersion = 16.0.30104.148
MinimumVisualStudioVersion = 10.0.40219.1
Project("{FAE04EC0-301F-11D3-BF4B-00C04F79EFBC}") = "CustomPrometheusExporter", "CustomPrometheusExporter\CustomPrometheusExporter.csproj", "{2F4B2446-D66C-462C-BC6A-8409EB2FCFA4}"
EndProject
Global
	GlobalSection(SolutionConfigurationPlatforms) = preSolution
		Debug|Any CPU = Debug|Any CPU
		Release|Any CPU = Release|Any CPU
	EndGlobalSection
	GlobalSection(ProjectConfigurationPlatforms) = postSolution
		{2F4B2446-D66C-462C-BC6A-8409EB2FCFA4}.Debug|Any CPU.ActiveCfg = Debug|Any CPU
		{2F4B2446-D66C-462C-BC6A-8409EB2FCFA4}.Debug|Any CPU.Build.0 = Debug|Any CPU
		{2F4B2446-D66C-462C-BC6A-8409EB2FCFA4}.Release|Any CPU.ActiveCfg = Release|Any CPU
		{2F4B2446-D66C-462C-BC6A-8409EB2FCFA4}.Release|Any CPU.Build.0 = Release|Any CPU
	EndGlobalSection
	GlobalSection(SolutionProperties) = preSolution
		HideSolutionNode = FALSE
	EndGlobalSection
	GlobalSection(ExtensibilityGlobals) = postSolution
		SolutionGuid = {420E4D45-9A86-4164-90DD-290D27769A52}
	EndGlobalSection
EndGlobal
